{
  "name": "fashion_online",
  "lockfileVersion": 3,
  "requires": true,
  "packages": {
    "": {
      "name": "fashion_online",
      "dependencies": {
        "heroku": "^0.2.0"
      }
    },
    "node_modules/coffee-script": {
      "version": "1.10.0",
      "resolved": "https://registry.npmjs.org/coffee-script/-/coffee-script-1.10.0.tgz",
      "integrity": "sha512-ef2EsKe2bCuX3VGXfPCNGqni3wgrL8Bu0tDdY8mUDa+QnDR1GNcsC4QhxwG4az6l5y5W0wKUc1Pn/F3MCyafjg==",
      "deprecated": "CoffeeScript on NPM has moved to \"coffeescript\" (no hyphen)",
      "bin": {
        "cake": "bin/cake",
        "coffee": "bin/coffee"
      },
      "engines": {
        "node": ">=0.8.0"
      }
    },
    "node_modules/fileset": {
      "version": "0.1.8",
      "resolved": "https://registry.npmjs.org/fileset/-/fileset-0.1.8.tgz",
      "integrity": "sha512-Gg0/Iy/v4BfdGWZpbpVBPKIYcap7jMn2uT5lcIDZyMFZR35VDojrJnIAwWjCj7ZOqsGp3j+ExWKqnfGrz4q0fg==",
      "dependencies": {
        "glob": "3.x",
        "minimatch": "0.x"
      }
    },
    "node_modules/gaze": {
      "version": "0.3.4",
      "resolved": "https://registry.npmjs.org/gaze/-/gaze-0.3.4.tgz",
      "integrity": "sha512-vIK81ZT20o9X0LOHYDGo5Phq6FaQRjDjBN2KkbYSxlaXnN1WDH0Op0tPThqNVA8ZnmN/TYNZfGHAVkBTrdeBIQ==",
      "dependencies": {
        "fileset": "~0.1.5",
        "minimatch": "~0.2.9"
      },
      "engines": {
        "node": ">= 0.6.0"
      }
    },
    "node_modules/glob": {
      "version": "3.2.11",
      "resolved": "https://registry.npmjs.org/glob/-/glob-3.2.11.tgz",
      "integrity": "sha512-hVb0zwEZwC1FXSKRPFTeOtN7AArJcJlI6ULGLtrstaswKNlrTJqAA+1lYlSUop4vjA423xlBzqfVS3iWGlqJ+g==",
      "dependencies": {
        "inherits": "2",
        "minimatch": "0.3"
      },
      "engines": {
        "node": "*"
      }
    },
    "node_modules/glob/node_modules/minimatch": {
      "version": "0.3.0",
      "resolved": "https://registry.npmjs.org/minimatch/-/minimatch-0.3.0.tgz",
      "integrity": "sha512-WFX1jI1AaxNTZVOHLBVazwTWKaQjoykSzCBNXB72vDTCzopQGtyP91tKdFK5cv1+qMwPyiTu1HqUriqplI8pcA==",
      "deprecated": "Please update to minimatch 3.0.2 or higher to avoid a RegExp DoS issue",
      "dependencies": {
        "lru-cache": "2",
        "sigmund": "~1.0.0"
      },
      "engines": {
        "node": "*"
      }
    },
    "node_modules/growl": {
      "version": "1.7.0",
      "resolved": "https://registry.npmjs.org/growl/-/growl-1.7.0.tgz",
      "integrity": "sha512-VWv7s1EI41AG2LiCr7uAuxWikLDN1SQOuEUc37d/P34NAIIYgkvWYngNw0d9d9iCrDFL0SYCE9UQpxhIjjtuLg=="
    },
    "node_modules/heroku": {
      "version": "0.2.0",
      "resolved": "https://registry.npmjs.org/heroku/-/heroku-0.2.0.tgz",
      "integrity": "sha512-zZ3xyeT9cyDHmERyqNht/aM4P405J/yulu6J1zCzl/Rbz1phhtc5iSo8XwzvCjiE8jYhOswiF1Tprn9xxueX/g==",
      "dependencies": {
        "coffee-script": "1.10.0",
        "jasmine-node": "1.14.5"
      }
    },
    "node_modules/inherits": {
      "version": "2.0.4",
      "resolved": "https://registry.npmjs.org/inherits/-/inherits-2.0.4.tgz",
      "integrity": "sha512-k/vGaX4/Yla3WzyMCvTQOXYeIHvqOKtnqBduzTHpzpQZzAskKMhZ2K+EnBiSM9zGSoIFeMpXKxa4dYeZIQqewQ=="
    },
    "node_modules/jasmine-growl-reporter": {
      "version": "0.0.3",
      "resolved": "https://registry.npmjs.org/jasmine-growl-reporter/-/jasmine-growl-reporter-0.0.3.tgz",
      "integrity": "sha512-/hNSlTbd75xbxiilWyjLHmWgvjHFaYlnAVxORj9rRhRmxJyVPdfnje0RPStuMTMY2DAIMwxDdKSci0xDNZ1IHA==",
      "dependencies": {
        "growl": "~1.7.0"
      }
    },
    "node_modules/jasmine-node": {
      "version": "1.14.5",
      "resolved": "https://registry.npmjs.org/jasmine-node/-/jasmine-node-1.14.5.tgz",
      "integrity": "sha512-oys7DiaYF450QZ0Fhm0ARCRS9R0wZD9gScEm1oh9lExw8i6W3Z6pvn1GK/ySfIIhmhotuFvqMjZYNT2Al8myew==",
      "deprecated": "jasmine-node 1.x & 2.x are deprecated, with known vulnerability in jasmine-growl-reporter pre-2.0.0",
      "dependencies": {
        "coffee-script": ">=1.0.1",
        "gaze": "~0.3.2",
        "jasmine-growl-reporter": "~0.0.2",
        "jasmine-reporters": "~1.0.0",
        "mkdirp": "~0.3.5",
        "requirejs": ">=0.27.1",
        "underscore": ">= 1.3.1",
        "walkdir": ">= 0.0.1"
      },
      "bin": {
        "jasmine-node": "bin/jasmine-node"
      }
    },
    "node_modules/jasmine-reporters": {
      "version": "1.0.2",
      "resolved": "https://registry.npmjs.org/jasmine-reporters/-/jasmine-reporters-1.0.2.tgz",
      "integrity": "sha512-KrMRwzykkIKfkXr5UhCs/4BRJpws4VmNOeHIVKX8EBa9lYysVik3phkKrJCnCUE2lUCZDIA4rAmFrDgw546IzA==",
      "dependencies": {
        "mkdirp": "~0.3.5"
      }
    },
    "node_modules/lru-cache": {
      "version": "2.7.3",
      "resolved": "https://registry.npmjs.org/lru-cache/-/lru-cache-2.7.3.tgz",
      "integrity": "sha512-WpibWJ60c3AgAz8a2iYErDrcT2C7OmKnsWhIcHOjkUHFjkXncJhtLxNSqUmxRxRunpb5I8Vprd7aNSd2NtksJQ=="
    },
    "node_modules/minimatch": {
      "version": "0.2.14",
      "resolved": "https://registry.npmjs.org/minimatch/-/minimatch-0.2.14.tgz",
      "integrity": "sha512-zZ+Jy8lVWlvqqeM8iZB7w7KmQkoJn8djM585z88rywrEbzoqawVa9FR5p2hwD+y74nfuKOjmNvi9gtWJNLqHvA==",
      "deprecated": "Please update to minimatch 3.0.2 or higher to avoid a RegExp DoS issue",
      "dependencies": {
        "lru-cache": "2",
        "sigmund": "~1.0.0"
      },
      "engines": {
        "node": "*"
      }
    },
    "node_modules/mkdirp": {
      "version": "0.3.5",
      "resolved": "https://registry.npmjs.org/mkdirp/-/mkdirp-0.3.5.tgz",
      "integrity": "sha512-8OCq0De/h9ZxseqzCH8Kw/Filf5pF/vMI6+BH7Lu0jXz2pqYCjTAQRolSxRIi+Ax+oCCjlxoJMP0YQ4XlrQNHg==",
      "deprecated": "Legacy versions of mkdirp are no longer supported. Please update to mkdirp 1.x. (Note that the API surface has changed to use Promises in 1.x.)"
    },
    "node_modules/requirejs": {
      "version": "2.3.6",
      "resolved": "https://registry.npmjs.org/requirejs/-/requirejs-2.3.6.tgz",
      "integrity": "sha512-ipEzlWQe6RK3jkzikgCupiTbTvm4S0/CAU5GlgptkN5SO6F3u0UD0K18wy6ErDqiCyP4J4YYe1HuAShvsxePLg==",
      "bin": {
        "r_js": "bin/r.js",
        "r.js": "bin/r.js"
      },
      "engines": {
        "node": ">=0.4.0"
      }
    },
    "node_modules/sigmund": {
      "version": "1.0.1",
      "resolved": "https://registry.npmjs.org/sigmund/-/sigmund-1.0.1.tgz",
      "integrity": "sha512-fCvEXfh6NWpm+YSuY2bpXb/VIihqWA6hLsgboC+0nl71Q7N7o2eaCW8mJa/NLvQhs6jpd3VZV4UiUQlV6+lc8g=="
    },
    "node_modules/underscore": {
      "version": "1.13.6",
      "resolved": "https://registry.npmjs.org/underscore/-/underscore-1.13.6.tgz",
      "integrity": "sha512-+A5Sja4HP1M08MaXya7p5LvjuM7K6q/2EaC0+iovj/wOcMsTzMvDFbasi/oSapiwOlt252IqsKqPjCl7huKS0A=="
    },
    "node_modules/walkdir": {
      "version": "0.4.1",
      "resolved": "https://registry.npmjs.org/walkdir/-/walkdir-0.4.1.tgz",
      "integrity": "sha512-3eBwRyEln6E1MSzcxcVpQIhRG8Q1jLvEqRmCZqS3dsfXEDR/AhOF4d+jHg1qvDCpYaVRZjENPQyrVxAkQqxPgQ==",
      "engines": {
        "node": ">=6.0.0"
      }
    }
  }
}
